
Microsoft Visual Studio Solution File, Format Version 12.00
# Visual Studio Version 17
VisualStudioVersion = 17.14.36915.13 d17.14
MinimumVisualStudioVersion = 10.0.40219.1
Project("{FAE04EC0-301F-11D3-BF4B-00C04F79EFBC}") = "Cybersecuritybot", "Cybersecuritybot.csproj", "{713B8652-31D9-4D11-A353-AD028865ABD3}"
EndProject
Global
	GlobalSection(SolutionConfigurationPlatforms) = preSolution
		Debug|Any CPU = Debug|Any CPU
		Release|Any CPU = Release|Any CPU
	EndGlobalSection
	GlobalSection(ProjectConfigurationPlatforms) = postSolution
		{713B8652-31D9-4D11-A353-AD028865ABD3}.Debug|Any CPU.ActiveCfg = Debug|Any CPU
		{713B8652-31D9-4D11-A353-AD028865ABD3}.Debug|Any CPU.Build.0 = Debug|Any CPU
		{713B8652-31D9-4D11-A353-AD028865ABD3}.Release|Any CPU.ActiveCfg = Release|Any CPU
		{713B8652-31D9-4D11-A353-AD028865ABD3}.Release|Any CPU.Build.0 = Release|Any CPU
	EndGlobalSection
	GlobalSection(SolutionProperties) = preSolution
		HideSolutionNode = FALSE
	EndGlobalSection
	GlobalSection(ExtensibilityGlobals) = postSolution
		SolutionGuid = {6AD79D77-0C44-45C9-B7DD-69BB73184BBA}
	EndGlobalSection
EndGlobal
